// !$*UTF8*$!
{
	archiveVersion = 1;
	classes = {
	};
	objectVersion = 55;
	objects = {

/* Begin PBXBuildFile section */
		B4DB00E327327CC200FDEB93 /* AppDelegate.swift in Sources */ = {isa = PBXBuildFile; fileRef = B4DB00E227327CC200FDEB93 /* AppDelegate.swift */; };
		B4DB00E527327CC200FDEB93 /* SceneDelegate.swift in Sources */ = {isa = PBXBuildFile; fileRef = B4DB00E427327CC200FDEB93 /* SceneDelegate.swift */; };
		B4DB00E727327CC200FDEB93 /* ViewController.swift in Sources */ = {isa = PBXBuildFile; fileRef = B4DB00E627327CC200FDEB93 /* ViewController.swift */; };
		B4DB00EA27327CC200FDEB93 /* Main.storyboard in Resources */ = {isa = PBXBuildFile; fileRef = B4DB00E827327CC200FDEB93 /* Main.storyboard */; };
		B4DB00EC27327CC800FDEB93 /* Assets.xcassets in Resources */ = {isa = PBXBuildFile; fileRef = B4DB00EB27327CC800FDEB93 /* Assets.xcassets */; };
		B4DB00EF27327CC800FDEB93 /* LaunchScreen.storyboard in Resources */ = {isa = PBXBuildFile; fileRef = B4DB00ED27327CC800FDEB93 /* LaunchScreen.storyboard */; };
		B4DB00FA27327CC800FDEB93 /* OriginalCalendarSampleTests.swift in Sources */ = {isa = PBXBuildFile; fileRef = B4DB00F927327CC800FDEB93 /* OriginalCalendarSampleTests.swift */; };
		B4DB010427327CC800FDEB93 /* OriginalCalendarSampleUITests.swift in Sources */ = {isa = PBXBuildFile; fileRef = B4DB010327327CC800FDEB93 /* OriginalCalendarSampleUITests.swift */; };
		B4DB010627327CC800FDEB93 /* OriginalCalendarSampleUITestsLaunchTests.swift in Sources */ = {isa = PBXBuildFile; fileRef = B4DB010527327CC800FDEB93 /* OriginalCalendarSampleUITestsLaunchTests.swift */; };
		B4DB01142732883A00FDEB93 /* CollectionViewCell.swift in Sources */ = {isa = PBXBuildFile; fileRef = B4DB01122732883A00FDEB93 /* CollectionViewCell.swift */; };
		B4DB01152732883A00FDEB93 /* CollectionViewCell.xib in Resources */ = {isa = PBXBuildFile; fileRef = B4DB01132732883A00FDEB93 /* CollectionViewCell.xib */; };
		B4DB0117273289BB00FDEB93 /* Model.swift in Sources */ = {isa = PBXBuildFile; fileRef = B4DB0116273289BB00FDEB93 /* Model.swift */; };
		B4DB01252735707C00FDEB93 /* CalendarDays.swift in Sources */ = {isa = PBXBuildFile; fileRef = B4DB01242735707C00FDEB93 /* CalendarDays.swift */; };
		B4DB01272736BA7E00FDEB93 /* MonthDateManager.swift in Sources */ = {isa = PBXBuildFile; fileRef = B4DB01262736BA7E00FDEB93 /* MonthDateManager.swift */; };
		B4DB01292736BB4E00FDEB93 /* Ex.swift in Sources */ = {isa = PBXBuildFile; fileRef = B4DB01282736BB4E00FDEB93 /* Ex.swift */; };
/* End PBXBuildFile section */

/* Begin PBXContainerItemProxy section */
		B4DB00F627327CC800FDEB93 /* PBXContainerItemProxy */ = {
			isa = PBXContainerItemProxy;
			containerPortal = B4DB00D727327CC200FDEB93 /* Project object */;
			proxyType = 1;
			remoteGlobalIDString = B4DB00DE27327CC200FDEB93;
			remoteInfo = OriginalCalendarSample;
		};
		B4DB010027327CC800FDEB93 /* PBXContainerItemProxy */ = {
			isa = PBXContainerItemProxy;
			containerPortal = B4DB00D727327CC200FDEB93 /* Project object */;
			proxyType = 1;
			remoteGlobalIDString = B4DB00DE27327CC200FDEB93;
			remoteInfo = OriginalCalendarSample;
		};
/* End PBXContainerItemProxy section */

/* Begin PBXFileReference section */
		B4DB00DF27327CC200FDEB93 /* OriginalCalendarSample.app */ = {isa = PBXFileReference; explicitFileType = wrapper.application; includeInIndex = 0; path = OriginalCalendarSample.app; sourceTree = BUILT_PRODUCTS_DIR; };
		B4DB00E227327CC200FDEB93 /* AppDelegate.swift */ = {isa = PBXFileReference; lastKnownFileType = sourcecode.swift; path = AppDelegate.swift; sourceTree = "<group>"; };
		B4DB00E427327CC200FDEB93 /* SceneDelegate.swift */ = {isa = PBXFileReference; lastKnownFileType = sourcecode.swift; path = SceneDelegate.swift; sourceTree = "<group>"; };
		B4DB00E627327CC200FDEB93 /* ViewController.swift */ = {isa = PBXFileReference; lastKnownFileType = sourcecode.swift; path = ViewController.swift; sourceTree = "<group>"; };
		B4DB00E927327CC200FDEB93 /* Base */ = {isa = PBXFileReference; lastKnownFileType = file.storyboard; name = Base; path = Base.lproj/Main.storyboard; sourceTree = "<group>"; };
		B4DB00EB27327CC800FDEB93 /* Assets.xcassets */ = {isa = PBXFileReference; lastKnownFileType = folder.assetcatalog; path = Assets.xcassets; sourceTree = "<group>"; };
		B4DB00EE27327CC800FDEB93 /* Base */ = {isa = PBXFileReference; lastKnownFileType = file.storyboard; name = Base; path = Base.lproj/LaunchScreen.storyboard; sourceTree = "<group>"; };
		B4DB00F027327CC800FDEB93 /* Info.plist */ = {isa = PBXFileReference; lastKnownFileType = text.plist.xml; path = Info.plist; sourceTree = "<group>"; };
		B4DB00F527327CC800FDEB93 /* OriginalCalendarSampleTests.xctest */ = {isa = PBXFileReference; explicitFileType = wrapper.cfbundle; includeInIndex = 0; path = OriginalCalendarSampleTests.xctest; sourceTree = BUILT_PRODUCTS_DIR; };
		B4DB00F927327CC800FDEB93 /* OriginalCalendarSampleTests.swift */ = {isa = PBXFileReference; lastKnownFileType = sourcecode.swift; path = OriginalCalendarSampleTests.swift; sourceTree = "<group>"; };
		B4DB00FF27327CC800FDEB93 /* OriginalCalendarSampleUITests.xctest */ = {isa = PBXFileReference; explicitFileType = wrapper.cfbundle; includeInIndex = 0; path = OriginalCalendarSampleUITests.xctest; sourceTree = BUILT_PRODUCTS_DIR; };
		B4DB010327327CC800FDEB93 /* OriginalCalendarSampleUITests.swift */ = {isa = PBXFileReference; lastKnownFileType = sourcecode.swift; path = OriginalCalendarSampleUITests.swift; sourceTree = "<group>"; };
		B4DB010527327CC800FDEB93 /* OriginalCalendarSampleUITestsLaunchTests.swift */ = {isa = PBXFileReference; lastKnownFileType = sourcecode.swift; path = OriginalCalendarSampleUITestsLaunchTests.swift; sourceTree = "<group>"; };
		B4DB01122732883A00FDEB93 /* CollectionViewCell.swift */ = {isa = PBXFileReference; lastKnownFileType = sourcecode.swift; path = CollectionViewCell.swift; sourceTree = "<group>"; };
		B4DB01132732883A00FDEB93 /* CollectionViewCell.xib */ = {isa = PBXFileReference; lastKnownFileType = file.xib; path = CollectionViewCell.xib; sourceTree = "<group>"; };
		B4DB0116273289BB00FDEB93 /* Model.swift */ = {isa = PBXFileReference; lastKnownFileType = sourcecode.swift; path = Model.swift; sourceTree = "<group>"; };
		B4DB01242735707C00FDEB93 /* CalendarDays.swift */ = {isa = PBXFileReference; lastKnownFileType = sourcecode.swift; path = CalendarDays.swift; sourceTree = "<group>"; };
		B4DB01262736BA7E00FDEB93 /* MonthDateManager.swift */ = {isa = PBXFileReference; lastKnownFileType = sourcecode.swift; path = MonthDateManager.swift; sourceTree = "<group>"; };
		B4DB01282736BB4E00FDEB93 /* Ex.swift */ = {isa = PBXFileReference; lastKnownFileType = sourcecode.swift; path = Ex.swift; sourceTree = "<group>"; };
/* End PBXFileReference section */

/* Begin PBXFrameworksBuildPhase section */
		B4DB00DC27327CC200FDEB93 /* Frameworks */ = {
			isa = PBXFrameworksBuildPhase;
			buildActionMask = 2147483647;
			files = (
			);
			runOnlyForDeploymentPostprocessing = 0;
		};
		B4DB00F227327CC800FDEB93 /* Frameworks */ = {
			isa = PBXFrameworksBuildPhase;
			buildActionMask = 2147483647;
			files = (
			);
			runOnlyForDeploymentPostprocessing = 0;
		};
		B4DB00FC27327CC800FDEB93 /* Frameworks */ = {
			isa = PBXFrameworksBuildPhase;
			buildActionMask = 2147483647;
			files = (
			);
			runOnlyForDeploymentPostprocessing = 0;
		};
/* End PBXFrameworksBuildPhase section */

/* Begin PBXGroup section */
		B4DB00D627327CC200FDEB93 = {
			isa = PBXGroup;
			children = (
				B4DB00E127327CC200FDEB93 /* OriginalCalendarSample */,
				B4DB00F827327CC800FDEB93 /* OriginalCalendarSampleTests */,
				B4DB010227327CC800FDEB93 /* OriginalCalendarSampleUITests */,
				B4DB00E027327CC200FDEB93 /* Products */,
			);
			sourceTree = "<group>";
		};
		B4DB00E027327CC200FDEB93 /* Products */ = {
			isa = PBXGroup;
			children = (
				B4DB00DF27327CC200FDEB93 /* OriginalCalendarSample.app */,
				B4DB00F527327CC800FDEB93 /* OriginalCalendarSampleTests.xctest */,
				B4DB00FF27327CC800FDEB93 /* OriginalCalendarSampleUITests.xctest */,
			);
			name = Products;
			sourceTree = "<group>";
		};
		B4DB00E127327CC200FDEB93 /* OriginalCalendarSample */ = {
			isa = PBXGroup;
			children = (
				B4DB00E227327CC200FDEB93 /* AppDelegate.swift */,
				B4DB00E427327CC200FDEB93 /* SceneDelegate.swift */,
				B4DB00E627327CC200FDEB93 /* ViewController.swift */,
				B4DB00E827327CC200FDEB93 /* Main.storyboard */,
				B4DB00EB27327CC800FDEB93 /* Assets.xcassets */,
				B4DB00ED27327CC800FDEB93 /* LaunchScreen.storyboard */,
				B4DB00F027327CC800FDEB93 /* Info.plist */,
				B4DB01122732883A00FDEB93 /* CollectionViewCell.swift */,
				B4DB01132732883A00FDEB93 /* CollectionViewCell.xib */,
				B4DB0116273289BB00FDEB93 /* Model.swift */,
				B4DB01242735707C00FDEB93 /* CalendarDays.swift */,
				B4DB01262736BA7E00FDEB93 /* MonthDateManager.swift */,
				B4DB01282736BB4E00FDEB93 /* Ex.swift */,
			);
			path = OriginalCalendarSample;
			sourceTree = "<group>";
		};
		B4DB00F827327CC800FDEB93 /* OriginalCalendarSampleTests */ = {
			isa = PBXGroup;
			children = (
				B4DB00F927327CC800FDEB93 /* OriginalCalendarSampleTests.swift */,
			);
			path = OriginalCalendarSampleTests;
			sourceTree = "<group>";
		};
		B4DB010227327CC800FDEB93 /* OriginalCalendarSampleUITests */ = {
			isa = PBXGroup;
			children = (
				B4DB010327327CC800FDEB93 /* OriginalCalendarSampleUITests.swift */,
				B4DB010527327CC800FDEB93 /* OriginalCalendarSampleUITestsLaunchTests.swift */,
			);
			path = OriginalCalendarSampleUITests;
			sourceTree = "<group>";
		};
/* End PBXGroup section */

/* Begin PBXNativeTarget section */
		B4DB00DE27327CC200FDEB93 /* OriginalCalendarSample */ = {
			isa = PBXNativeTarget;
			buildConfigurationList = B4DB010927327CC800FDEB93 /* Build configuration list for PBXNativeTarget "OriginalCalendarSample" */;
			buildPhases = (
				B4DB00DB27327CC200FDEB93 /* Sources */,
				B4DB00DC27327CC200FDEB93 /* Frameworks */,
				B4DB00DD27327CC200FDEB93 /* Resources */,
			);
			buildRules = (
			);
			dependencies = (
			);
			name = OriginalCalendarSample;
			productName = OriginalCalendarSample;
			productReference = B4DB00DF27327CC200FDEB93 /* OriginalCalendarSample.app */;
			productType = "com.apple.product-type.application";
		};
		B4DB00F427327CC800FDEB93 /* OriginalCalendarSampleTests */ = {
			isa = PBXNativeTarget;
			buildConfigurationList = B4DB010C27327CC800FDEB93 /* Build configuration list for PBXNativeTarget "OriginalCalendarSampleTests" */;
			buildPhases = (
				B4DB00F127327CC800FDEB93 /* Sources */,
				B4DB00F227327CC800FDEB93 /* Frameworks */,
				B4DB00F327327CC800FDEB93 /* Resources */,
			);
			buildRules = (
			);
			dependencies = (
				B4DB00F727327CC800FDEB93 /* PBXTargetDependency */,
			);
			name = OriginalCalendarSampleTests;
			productName = OriginalCalendarSampleTests;
			productReference = B4DB00F527327CC800FDEB93 /* OriginalCalendarSampleTests.xctest */;
			productType = "com.apple.product-type.bundle.unit-test";
		};
		B4DB00FE27327CC800FDEB93 /* OriginalCalendarSampleUITests */ = {
			isa = PBXNativeTarget;
			buildConfigurationList = B4DB010F27327CC800FDEB93 /* Build configuration list for PBXNativeTarget "OriginalCalendarSampleUITests" */;
			buildPhases = (
				B4DB00FB27327CC800FDEB93 /* Sources */,
				B4DB00FC27327CC800FDEB93 /* Frameworks */,
				B4DB00FD27327CC800FDEB93 /* Resources */,
			);
			buildRules = (
			);
			dependencies = (
				B4DB010127327CC800FDEB93 /* PBXTargetDependency */,
			);
			name = OriginalCalendarSampleUITests;
			productName = OriginalCalendarSampleUITests;
			productReference = B4DB00FF27327CC800FDEB93 /* OriginalCalendarSampleUITests.xctest */;
			productType = "com.apple.product-type.bundle.ui-testing";
		};
/* End PBXNativeTarget section */

/* Begin PBXProject section */
		B4DB00D727327CC200FDEB93 /* Project object */ = {
			isa = PBXProject;
			attributes = {
				BuildIndependentTargetsInParallel = 1;
				LastSwiftUpdateCheck = 1310;
				LastUpgradeCheck = 1310;
				TargetAttributes = {
					B4DB00DE27327CC200FDEB93 = {
						CreatedOnToolsVersion = 13.1;
					};
					B4DB00F427327CC800FDEB93 = {
						CreatedOnToolsVersion = 13.1;
						TestTargetID = B4DB00DE27327CC200FDEB93;
					};
					B4DB00FE27327CC800FDEB93 = {
						CreatedOnToolsVersion = 13.1;
						TestTargetID = B4DB00DE27327CC200FDEB93;
					};
				};
			};
			buildConfigurationList = B4DB00DA27327CC200FDEB93 /* Build configuration list for PBXProject "OriginalCalendarSample" */;
			compatibilityVersion = "Xcode 13.0";
			developmentRegion = en;
			hasScannedForEncodings = 0;
			knownRegions = (
				en,
				Base,
			);
			mainGroup = B4DB00D627327CC200FDEB93;
			productRefGroup = B4DB00E027327CC200FDEB93 /* Products */;
			projectDirPath = "";
			projectRoot = "";
			targets = (
				B4DB00DE27327CC200FDEB93 /* OriginalCalendarSample */,
				B4DB00F427327CC800FDEB93 /* OriginalCalendarSampleTests */,
				B4DB00FE27327CC800FDEB93 /* OriginalCalendarSampleUITests */,
			);
		};
/* End PBXProject section */

/* Begin PBXResourcesBuildPhase section */
		B4DB00DD27327CC200FDEB93 /* Resources */ = {
			isa = PBXResourcesBuildPhase;
			buildActionMask = 2147483647;
			files = (
				B4DB00EF27327CC800FDEB93 /* LaunchScreen.storyboard in Resources */,
				B4DB00EC27327CC800FDEB93 /* Assets.xcassets in Resources */,
				B4DB01152732883A00FDEB93 /* CollectionViewCell.xib in Resources */,
				B4DB00EA27327CC200FDEB93 /* Main.storyboard in Resources */,
			);
			runOnlyForDeploymentPostprocessing = 0;
		};
		B4DB00F327327CC800FDEB93 /* Resources */ = {
			isa = PBXResourcesBuildPhase;
			buildActionMask = 2147483647;
			files = (
			);
			runOnlyForDeploymentPostprocessing = 0;
		};
		B4DB00FD27327CC800FDEB93 /* Resources */ = {
			isa = PBXResourcesBuildPhase;
			buildActionMask = 2147483647;
			files = (
			);
			runOnlyForDeploymentPostprocessing = 0;
		};
/* End PBXResourcesBuildPhase section */

/* Begin PBXSourcesBuildPhase section */
		B4DB00DB27327CC200FDEB93 /* Sources */ = {
			isa = PBXSourcesBuildPhase;
			buildActionMask = 2147483647;
			files = (
				B4DB01292736BB4E00FDEB93 /* Ex.swift in Sources */,
				B4DB01252735707C00FDEB93 /* CalendarDays.swift in Sources */,
				B4DB0117273289BB00FDEB93 /* Model.swift in Sources */,
				B4DB00E727327CC200FDEB93 /* ViewController.swift in Sources */,
				B4DB00E327327CC200FDEB93 /* AppDelegate.swift in Sources */,
				B4DB01142732883A00FDEB93 /* CollectionViewCell.swift in Sources */,
				B4DB00E527327CC200FDEB93 /* SceneDelegate.swift in Sources */,
				B4DB01272736BA7E00FDEB93 /* MonthDateManager.swift in Sources */,
			);
			runOnlyForDeploymentPostprocessing = 0;
		};
		B4DB00F127327CC800FDEB93 /* Sources */ = {
			isa = PBXSourcesBuildPhase;
			buildActionMask = 2147483647;
			files = (
				B4DB00FA27327CC800FDEB93 /* OriginalCalendarSampleTests.swift in Sources */,
			);
			runOnlyForDeploymentPostprocessing = 0;
		};
		B4DB00FB27327CC800FDEB93 /* Sources */ = {
			isa = PBXSourcesBuildPhase;
			buildActionMask = 2147483647;
			files = (
				B4DB010427327CC800FDEB93 /* OriginalCalendarSampleUITests.swift in Sources */,
				B4DB010627327CC800FDEB93 /* OriginalCalendarSampleUITestsLaunchTests.swift in Sources */,
			);
			runOnlyForDeploymentPostprocessing = 0;
		};
/* End PBXSourcesBuildPhase section */

/* Begin PBXTargetDependency section */
		B4DB00F727327CC800FDEB93 /* PBXTargetDependency */ = {
			isa = PBXTargetDependency;
			target = B4DB00DE27327CC200FDEB93 /* OriginalCalendarSample */;
			targetProxy = B4DB00F627327CC800FDEB93 /* PBXContainerItemProxy */;
		};
		B4DB010127327CC800FDEB93 /* PBXTargetDependency */ = {
			isa = PBXTargetDependency;
			target = B4DB00DE27327CC200FDEB93 /* OriginalCalendarSample */;
			targetProxy = B4DB010027327CC800FDEB93 /* PBXContainerItemProxy */;
		};
/* End PBXTargetDependency section */

/* Begin PBXVariantGroup section */
		B4DB00E827327CC200FDEB93 /* Main.storyboard */ = {
			isa = PBXVariantGroup;
			children = (
				B4DB00E927327CC200FDEB93 /* Base */,
			);
			name = Main.storyboard;
			sourceTree = "<group>";
		};
		B4DB00ED27327CC800FDEB93 /* LaunchScreen.storyboard */ = {
			isa = PBXVariantGroup;
			children = (
				B4DB00EE27327CC800FDEB93 /* Base */,
			);
			name = LaunchScreen.storyboard;
			sourceTree = "<group>";
		};
/* End PBXVariantGroup section */

/* Begin XCBuildConfiguration section */
		B4DB010727327CC800FDEB93 /* Debug */ = {
			isa = XCBuildConfiguration;
			buildSettings = {
				ALWAYS_SEARCH_USER_PATHS = NO;
				CLANG_ANALYZER_NONNULL = YES;
				CLANG_ANALYZER_NUMBER_OBJECT_CONVERSION = YES_AGGRESSIVE;
				CLANG_CXX_LANGUAGE_STANDARD = "gnu++17";
				CLANG_CXX_LIBRARY = "libc++";
				CLANG_ENABLE_MODULES = YES;
				CLANG_ENABLE_OBJC_ARC = YES;
				CLANG_ENABLE_OBJC_WEAK = YES;
				CLANG_WARN_BLOCK_CAPTURE_AUTORELEASING = YES;
				CLANG_WARN_BOOL_CONVERSION = YES;
				CLANG_WARN_COMMA = YES;
				CLANG_WARN_CONSTANT_CONVERSION = YES;
				CLANG_WARN_DEPRECATED_OBJC_IMPLEMENTATIONS = YES;
				CLANG_WARN_DIRECT_OBJC_ISA_USAGE = YES_ERROR;
				CLANG_WARN_DOCUMENTATION_COMMENTS = YES;
				CLANG_WARN_EMPTY_BODY = YES;
				CLANG_WARN_ENUM_CONVERSION = YES;
				CLANG_WARN_INFINITE_RECURSION = YES;
				CLANG_WARN_INT_CONVERSION = YES;
				CLANG_WARN_NON_LITERAL_NULL_CONVERSION = YES;
				CLANG_WARN_OBJC_IMPLICIT_RETAIN_SELF = YES;
				CLANG_WARN_OBJC_LITERAL_CONVERSION = YES;
				CLANG_WARN_OBJC_ROOT_CLASS = YES_ERROR;
				CLANG_WARN_QUOTED_INCLUDE_IN_FRAMEWORK_HEADER = YES;
				CLANG_WARN_RANGE_LOOP_ANALYSIS = YES;
				CLANG_WARN_STRICT_PROTOTYPES = YES;
				CLANG_WARN_SUSPICIOUS_MOVE = YES;
				CLANG_WARN_UNGUARDED_AVAILABILITY = YES_AGGRESSIVE;
				CLANG_WARN_UNREACHABLE_CODE = YES;
				CLANG_WARN__DUPLICATE_METHOD_MATCH = YES;
				COPY_PHASE_STRIP = NO;
				DEBUG_INFORMATION_FORMAT = dwarf;
				ENABLE_STRICT_OBJC_MSGSEND = YES;
				ENABLE_TESTABILITY = YES;
				GCC_C_LANGUAGE_STANDARD = gnu11;
				GCC_DYNAMIC_NO_PIC = NO;
				GCC_NO_COMMON_BLOCKS = YES;
				GCC_OPTIMIZATION_LEVEL = 0;
				GCC_PREPROCESSOR_DEFINITIONS = (
					"DEBUG=1",
					"$(inherited)",
				);
				GCC_WARN_64_TO_32_BIT_CONVERSION = YES;
				GCC_WARN_ABOUT_RETURN_TYPE = YES_ERROR;
				GCC_WARN_UNDECLARED_SELECTOR = YES;
				GCC_WARN_UNINITIALIZED_AUTOS = YES_AGGRESSIVE;
				GCC_WARN_UNUSED_FUNCTION = YES;
				GCC_WARN_UNUSED_VARIABLE = YES;
				IPHONEOS_DEPLOYMENT_TARGET = 15.0;
				MTL_ENABLE_DEBUG_INFO = INCLUDE_SOURCE;
				MTL_FAST_MATH = YES;
				ONLY_ACTIVE_ARCH = YES;
				SDKROOT = iphoneos;
				SWIFT_ACTIVE_COMPILATION_CONDITIONS = DEBUG;
				SWIFT_OPTIMIZATION_LEVEL = "-Onone";
			};
			name = Debug;
		};
		B4DB010827327CC800FDEB93 /* Release */ = {
			isa = XCBuildConfiguration;
			buildSettings = {
				ALWAYS_SEARCH_USER_PATHS = NO;
				CLANG_ANALYZER_NONNULL = YES;
				CLANG_ANALYZER_NUMBER_OBJECT_CONVERSION = YES_AGGRESSIVE;
				CLANG_CXX_LANGUAGE_STANDARD = "gnu++17";
				CLANG_CXX_LIBRARY = "libc++";
				CLANG_ENABLE_MODULES = YES;
				CLANG_ENABLE_OBJC_ARC = YES;
				CLANG_ENABLE_OBJC_WEAK = YES;
				CLANG_WARN_BLOCK_CAPTURE_AUTORELEASING = YES;
				CLANG_WARN_BOOL_CONVERSION = YES;
				CLANG_WARN_COMMA = YES;
				CLANG_WARN_CONSTANT_CONVERSION = YES;
				CLANG_WARN_DEPRECATED_OBJC_IMPLEMENTATIONS = YES;
				CLANG_WARN_DIRECT_OBJC_ISA_USAGE = YES_ERROR;
				CLANG_WARN_DOCUMENTATION_COMMENTS = YES;
				CLANG_WARN_EMPTY_BODY = YES;
				CLANG_WARN_ENUM_CONVERSION = YES;
				CLANG_WARN_INFINITE_RECURSION = YES;
				CLANG_WARN_INT_CONVERSION = YES;
				CLANG_WARN_NON_LITERAL_NULL_CONVERSION = YES;
				CLANG_WARN_OBJC_IMPLICIT_RETAIN_SELF = YES;
				CLANG_WARN_OBJC_LITERAL_CONVERSION = YES;
				CLANG_WARN_OBJC_ROOT_CLASS = YES_ERROR;
				CLANG_WARN_QUOTED_INCLUDE_IN_FRAMEWORK_HEADER = YES;
				CLANG_WARN_RANGE_LOOP_ANALYSIS = YES;
				CLANG_WARN_STRICT_PROTOTYPES = YES;
				CLANG_WARN_SUSPICIOUS_MOVE = YES;
				CLANG_WARN_UNGUARDED_AVAILABILITY = YES_AGGRESSIVE;
				CLANG_WARN_UNREACHABLE_CODE = YES;
				CLANG_WARN__DUPLICATE_METHOD_MATCH = YES;
				COPY_PHASE_STRIP = NO;
				DEBUG_INFORMATION_FORMAT = "dwarf-with-dsym";
				ENABLE_NS_ASSERTIONS = NO;
				ENABLE_STRICT_OBJC_MSGSEND = YES;
				GCC_C_LANGUAGE_STANDARD = gnu11;
				GCC_NO_COMMON_BLOCKS = YES;
				GCC_WARN_64_TO_32_BIT_CONVERSION = YES;
				GCC_WARN_ABOUT_RETURN_TYPE = YES_ERROR;
				GCC_WARN_UNDECLARED_SELECTOR = YES;
				GCC_WARN_UNINITIALIZED_AUTOS = YES_AGGRESSIVE;
				GCC_WARN_UNUSED_FUNCTION = YES;
				GCC_WARN_UNUSED_VARIABLE = YES;
				IPHONEOS_DEPLOYMENT_TARGET = 15.0;
				MTL_ENABLE_DEBUG_INFO = NO;
				MTL_FAST_MATH = YES;
				SDKROOT = iphoneos;
				SWIFT_COMPILATION_MODE = wholemodule;
				SWIFT_OPTIMIZATION_LEVEL = "-O";
				VALIDATE_PRODUCT = YES;
			};
			name = Release;
		};
		B4DB010A27327CC800FDEB93 /* Debug */ = {
			isa = XCBuildConfiguration;
			buildSettings = {
				ASSETCATALOG_COMPILER_APPICON_NAME = AppIcon;
				ASSETCATALOG_COMPILER_GLOBAL_ACCENT_COLOR_NAME = AccentColor;
				CODE_SIGN_STYLE = Automatic;
				CURRENT_PROJECT_VERSION = 1;
				GENERATE_INFOPLIST_FILE = YES;
				INFOPLIST_FILE = OriginalCalendarSample/Info.plist;
				INFOPLIST_KEY_UIApplicationSupportsIndirectInputEvents = YES;
				INFOPLIST_KEY_UILaunchStoryboardName = LaunchScreen;
				INFOPLIST_KEY_UIMainStoryboardFile = Main;
				INFOPLIST_KEY_UISupportedInterfaceOrientations_iPad = "UIInterfaceOrientationPortrait UIInterfaceOrientationPortraitUpsideDown UIInterfaceOrientationLandscapeLeft UIInterfaceOrientationLandscapeRight";
				INFOPLIST_KEY_UISupportedInterfaceOrientations_iPhone = "UIInterfaceOrientationPortrait UIInterfaceOrientationLandscapeLeft UIInterfaceOrientationLandscapeRight";
				LD_RUNPATH_SEARCH_PATHS = (
					"$(inherited)",
					"@executable_path/Frameworks",
				);
				MARKETING_VERSION = 1.0;
				PRODUCT_BUNDLE_IDENTIFIER = "swift-tk.OriginalCalendarSample";
				PRODUCT_NAME = "$(TARGET_NAME)";
				SWIFT_EMIT_LOC_STRINGS = YES;
				SWIFT_VERSION = 5.0;
				TARGETED_DEVICE_FAMILY = "1,2";
			};
			name = Debug;
		};
		B4DB010B27327CC800FDEB93 /* Release */ = {
			isa = XCBuildConfiguration;
			buildSettings = {
				ASSETCATALOG_COMPILER_APPICON_NAME = AppIcon;
				ASSETCATALOG_COMPILER_GLOBAL_ACCENT_COLOR_NAME = AccentColor;
				CODE_SIGN_STYLE = Automatic;
				CURRENT_PROJECT_VERSION = 1;
				GENERATE_INFOPLIST_FILE = YES;
				INFOPLIST_FILE = OriginalCalendarSample/Info.plist;
				INFOPLIST_KEY_UIApplicationSupportsIndirectInputEvents = YES;
				INFOPLIST_KEY_UILaunchStoryboardName = LaunchScreen;
				INFOPLIST_KEY_UIMainStoryboardFile = Main;
				INFOPLIST_KEY_UISupportedInterfaceOrientations_iPad = "UIInterfaceOrientationPortrait UIInterfaceOrientationPortraitUpsideDown UIInterfaceOrientationLandscapeLeft UIInterfaceOrientationLandscapeRight";
				INFOPLIST_KEY_UISupportedInterfaceOrientations_iPhone = "UIInterfaceOrientationPortrait UIInterfaceOrientationLandscapeLeft UIInterfaceOrientationLandscapeRight";
				LD_RUNPATH_SEARCH_PATHS = (
					"$(inherited)",
					"@executable_path/Frameworks",
				);
				MARKETING_VERSION = 1.0;
				PRODUCT_BUNDLE_IDENTIFIER = "swift-tk.OriginalCalendarSample";
				PRODUCT_NAME = "$(TARGET_NAME)";
				SWIFT_EMIT_LOC_STRINGS = YES;
				SWIFT_VERSION = 5.0;
				TARGETED_DEVICE_FAMILY = "1,2";
			};
			name = Release;
		};
		B4DB010D27327CC800FDEB93 /* Debug */ = {
			isa = XCBuildConfiguration;
			buildSettings = {
				ALWAYS_EMBED_SWIFT_STANDARD_LIBRARIES = YES;
				BUNDLE_LOADER = "$(TEST_HOST)";
				CODE_SIGN_STYLE = Automatic;
				CURRENT_PROJECT_VERSION = 1;
				GENERATE_INFOPLIST_FILE = YES;
				IPHONEOS_DEPLOYMENT_TARGET = 15.0;
				LD_RUNPATH_SEARCH_PATHS = (
					"$(inherited)",
					"@executable_path/Frameworks",
					"@loader_path/Frameworks",
				);
				MARKETING_VERSION = 1.0;
				PRODUCT_BUNDLE_IDENTIFIER = "swift-tk.OriginalCalendarSampleTests";
				PRODUCT_NAME = "$(TARGET_NAME)";
				SWIFT_EMIT_LOC_STRINGS = NO;
				SWIFT_VERSION = 5.0;
				TARGETED_DEVICE_FAMILY = "1,2";
				TEST_HOST = "$(BUILT_PRODUCTS_DIR)/OriginalCalendarSample.app/OriginalCalendarSample";
			};
			name = Debug;
		};
		B4DB010E27327CC800FDEB93 /* Release */ = {
			isa = XCBuildConfiguration;
			buildSettings = {
				ALWAYS_EMBED_SWIFT_STANDARD_LIBRARIES = YES;
				BUNDLE_LOADER = "$(TEST_HOST)";
				CODE_SIGN_STYLE = Automatic;
				CURRENT_PROJECT_VERSION = 1;
				GENERATE_INFOPLIST_FILE = YES;
				IPHONEOS_DEPLOYMENT_TARGET = 15.0;
				LD_RUNPATH_SEARCH_PATHS = (
					"$(inherited)",
					"@executable_path/Frameworks",
					"@loader_path/Frameworks",
				);
				MARKETING_VERSION = 1.0;
				PRODUCT_BUNDLE_IDENTIFIER = "swift-tk.OriginalCalendarSampleTests";
				PRODUCT_NAME = "$(TARGET_NAME)";
				SWIFT_EMIT_LOC_STRINGS = NO;
				SWIFT_VERSION = 5.0;
				TARGETED_DEVICE_FAMILY = "1,2";
				TEST_HOST = "$(BUILT_PRODUCTS_DIR)/OriginalCalendarSample.app/OriginalCalendarSample";
			};
			name = Release;
		};
		B4DB011027327CC800FDEB93 /* Debug */ = {
			isa = XCBuildConfiguration;
			buildSettings = {
				ALWAYS_EMBED_SWIFT_STANDARD_LIBRARIES = YES;
				CODE_SIGN_STYLE = Automatic;
				CURRENT_PROJECT_VERSION = 1;
				GENERATE_INFOPLIST_FILE = YES;
				LD_RUNPATH_SEARCH_PATHS = (
					"$(inherited)",
					"@executable_path/Frameworks",
					"@loader_path/Frameworks",
				);
				MARKETING_VERSION = 1.0;
				PRODUCT_BUNDLE_IDENTIFIER = "swift-tk.OriginalCalendarSampleUITests";
				PRODUCT_NAME = "$(TARGET_NAME)";
				SWIFT_EMIT_LOC_STRINGS = NO;
				SWIFT_VERSION = 5.0;
				TARGETED_DEVICE_FAMILY = "1,2";
				TEST_TARGET_NAME = OriginalCalendarSample;
			};
			name = Debug;
		};
		B4DB011127327CC800FDEB93 /* Release */ = {
			isa = XCBuildConfiguration;
			buildSettings = {
				ALWAYS_EMBED_SWIFT_STANDARD_LIBRARIES = YES;
				CODE_SIGN_STYLE = Automatic;
				CURRENT_PROJECT_VERSION = 1;
				GENERATE_INFOPLIST_FILE = YES;
				LD_RUNPATH_SEARCH_PATHS = (
					"$(inherited)",
					"@executable_path/Frameworks",
					"@loader_path/Frameworks",
				);
				MARKETING_VERSION = 1.0;
				PRODUCT_BUNDLE_IDENTIFIER = "swift-tk.OriginalCalendarSampleUITests";
				PRODUCT_NAME = "$(TARGET_NAME)";
				SWIFT_EMIT_LOC_STRINGS = NO;
				SWIFT_VERSION = 5.0;
				TARGETED_DEVICE_FAMILY = "1,2";
				TEST_TARGET_NAME = OriginalCalendarSample;
			};
			name = Release;
		};
/* End XCBuildConfiguration section */

/* Begin XCConfigurationList section */
		B4DB00DA27327CC200FDEB93 /* Build configuration list for PBXProject "OriginalCalendarSample" */ = {
			isa = XCConfigurationList;
			buildConfigurations = (
				B4DB010727327CC800FDEB93 /* Debug */,
				B4DB010827327CC800FDEB93 /* Release */,
			);
			defaultConfigurationIsVisible = 0;
			defaultConfigurationName = Release;
		};
		B4DB010927327CC800FDEB93 /* Build configuration list for PBXNativeTarget "OriginalCalendarSample" */ = {
			isa = XCConfigurationList;
			buildConfigurations = (
				B4DB010A27327CC800FDEB93 /* Debug */,
				B4DB010B27327CC800FDEB93 /* Release */,
			);
			defaultConfigurationIsVisible = 0;
			defaultConfigurationName = Release;
		};
		B4DB010C27327CC800FDEB93 /* Build configuration list for PBXNativeTarget "OriginalCalendarSampleTests" */ = {
			isa = XCConfigurationList;
			buildConfigurations = (
				B4DB010D27327CC800FDEB93 /* Debug */,
				B4DB010E27327CC800FDEB93 /* Release */,
			);
			defaultConfigurationIsVisible = 0;
			defaultConfigurationName = Release;
		};
		B4DB010F27327CC800FDEB93 /* Build configuration list for PBXNativeTarget "OriginalCalendarSampleUITests" */ = {
			isa = XCConfigurationList;
			buildConfigurations = (
				B4DB011027327CC800FDEB93 /* Debug */,
				B4DB011127327CC800FDEB93 /* Release */,
			);
			defaultConfigurationIsVisible = 0;
			defaultConfigurationName = Release;
		};
/* End XCConfigurationList section */
	};
	rootObject = B4DB00D727327CC200FDEB93 /* Project object */;
}
